dependencies:
- name: grafana
  repository: ""
  version: '*'
- name: prometheus
  repository: ""
  version: '*'
- name: skooner
  repository: ""
  version: '*'
- name: metrics-server
  repository: https://charts.bitnami.com/bitnami
  version: 6.9.3
digest: sha256:9ed3a0f331c75abbd906b660c9e31b01d049a990004d03fee28e6edfa326ad73
generated: "2024-03-04T13:51:52.128893497Z"
